
Microsoft Visual Studio Solution File, Format Version 12.00
# Visual Studio 14
VisualStudioVersion = 14.0.25420.1
MinimumVisualStudioVersion = 10.0.40219.1
Project("{8BC9CEB8-8B4A-11D0-8D11-00A0C91BC942}") = "Ethminer", "Ethminer\Ethminer.vcxproj", "{01B6688A-AE44-4C59-AFA3-1DCF64D8931C}"
	ProjectSection(ProjectDependencies) = postProject
		{9C4A391F-A003-46C9-A380-EC3D6AA5D5E2} = {9C4A391F-A003-46C9-A380-EC3D6AA5D5E2}
		{39F3742A-CC8D-43E8-BB31-C4A3A716A0E4} = {39F3742A-CC8D-43E8-BB31-C4A3A716A0E4}
		{C282D938-770C-433B-9144-FF4B0FC890F9} = {C282D938-770C-433B-9144-FF4B0FC890F9}
		{12BE6239-E730-4E12-81DC-EA758C31B7E0} = {12BE6239-E730-4E12-81DC-EA758C31B7E0}
		{5C4A7E3E-4A53-4051-B766-0D1A48B26855} = {5C4A7E3E-4A53-4051-B766-0D1A48B26855}
		{D72C605C-3DCE-4C01-AA93-34DF74993BDF} = {D72C605C-3DCE-4C01-AA93-34DF74993BDF}
		{1E960A5D-EF23-497E-9ABF-41A19672F190} = {1E960A5D-EF23-497E-9ABF-41A19672F190}
		{D567126E-8A44-45DE-9443-B2469365BD8C} = {D567126E-8A44-45DE-9443-B2469365BD8C}
		{FD7A9783-D1A3-4F2B-855F-36B912015923} = {FD7A9783-D1A3-4F2B-855F-36B912015923}
		{2A42A488-C608-4869-991D-4209EC260E94} = {2A42A488-C608-4869-991D-4209EC260E94}
		{EB79DED9-34C5-4234-8B11-710EE2F24AB1} = {EB79DED9-34C5-4234-8B11-710EE2F24AB1}
		{DD976AF1-2D05-4880-83CD-0F6FA81D6F87} = {DD976AF1-2D05-4880-83CD-0F6FA81D6F87}
	EndProjectSection
EndProject
Project("{8BC9CEB8-8B4A-11D0-8D11-00A0C91BC942}") = "libdevcore", "libdevcore\libdevcore.vcxproj", "{C282D938-770C-433B-9144-FF4B0FC890F9}"
EndProject
Project("{8BC9CEB8-8B4A-11D0-8D11-00A0C91BC942}") = "libdevcrypto", "libdevcrypto\libdevcrypto.vcxproj", "{DD976AF1-2D05-4880-83CD-0F6FA81D6F87}"
EndProject
Project("{8BC9CEB8-8B4A-11D0-8D11-00A0C91BC942}") = "libethash", "libethash\libethash.vcxproj", "{39F3742A-CC8D-43E8-BB31-C4A3A716A0E4}"
EndProject
Project("{8BC9CEB8-8B4A-11D0-8D11-00A0C91BC942}") = "libethash-cl", "libethash-cl\libethash-cl.vcxproj", "{9C4A391F-A003-46C9-A380-EC3D6AA5D5E2}"
EndProject
Project("{8BC9CEB8-8B4A-11D0-8D11-00A0C91BC942}") = "libethashseal", "libethashseal\libethashseal.vcxproj", "{5C4A7E3E-4A53-4051-B766-0D1A48B26855}"
EndProject
Project("{8BC9CEB8-8B4A-11D0-8D11-00A0C91BC942}") = "libethcore", "libethcore\libethcore.vcxproj", "{12BE6239-E730-4E12-81DC-EA758C31B7E0}"
EndProject
Project("{8BC9CEB8-8B4A-11D0-8D11-00A0C91BC942}") = "libethereum", "libethereum\libethereum.vcxproj", "{2A42A488-C608-4869-991D-4209EC260E94}"
EndProject
Project("{8BC9CEB8-8B4A-11D0-8D11-00A0C91BC942}") = "libevm", "libevm\libevm.vcxproj", "{D72C605C-3DCE-4C01-AA93-34DF74993BDF}"
EndProject
Project("{8BC9CEB8-8B4A-11D0-8D11-00A0C91BC942}") = "libevmcore", "libevmcore\libevmcore.vcxproj", "{D567126E-8A44-45DE-9443-B2469365BD8C}"
EndProject
Project("{8BC9CEB8-8B4A-11D0-8D11-00A0C91BC942}") = "libp2p", "libp2p\libp2p.vcxproj", "{EB79DED9-34C5-4234-8B11-710EE2F24AB1}"
EndProject
Project("{8BC9CEB8-8B4A-11D0-8D11-00A0C91BC942}") = "libscrypt", "libscrypt\libscrypt.vcxproj", "{1E960A5D-EF23-497E-9ABF-41A19672F190}"
EndProject
Project("{8BC9CEB8-8B4A-11D0-8D11-00A0C91BC942}") = "secp256k1", "secp256k1\secp256k1.vcxproj", "{FD7A9783-D1A3-4F2B-855F-36B912015923}"
EndProject
Global
	GlobalSection(SolutionConfigurationPlatforms) = preSolution
		Debug|x64 = Debug|x64
		Debug|x86 = Debug|x86
		Release|x64 = Release|x64
		Release|x86 = Release|x86
	EndGlobalSection
	GlobalSection(ProjectConfigurationPlatforms) = postSolution
		{01B6688A-AE44-4C59-AFA3-1DCF64D8931C}.Debug|x64.ActiveCfg = Debug|x64
		{01B6688A-AE44-4C59-AFA3-1DCF64D8931C}.Debug|x64.Build.0 = Debug|x64
		{01B6688A-AE44-4C59-AFA3-1DCF64D8931C}.Debug|x86.ActiveCfg = Debug|Win32
		{01B6688A-AE44-4C59-AFA3-1DCF64D8931C}.Debug|x86.Build.0 = Debug|Win32
		{01B6688A-AE44-4C59-AFA3-1DCF64D8931C}.Release|x64.ActiveCfg = Release|x64
		{01B6688A-AE44-4C59-AFA3-1DCF64D8931C}.Release|x64.Build.0 = Release|x64
		{01B6688A-AE44-4C59-AFA3-1DCF64D8931C}.Release|x86.ActiveCfg = Release|Win32
		{01B6688A-AE44-4C59-AFA3-1DCF64D8931C}.Release|x86.Build.0 = Release|Win32
		{C282D938-770C-433B-9144-FF4B0FC890F9}.Debug|x64.ActiveCfg = Debug|x64
		{C282D938-770C-433B-9144-FF4B0FC890F9}.Debug|x64.Build.0 = Debug|x64
		{C282D938-770C-433B-9144-FF4B0FC890F9}.Debug|x86.ActiveCfg = Debug|Win32
		{C282D938-770C-433B-9144-FF4B0FC890F9}.Debug|x86.Build.0 = Debug|Win32
		{C282D938-770C-433B-9144-FF4B0FC890F9}.Release|x64.ActiveCfg = Release|x64
		{C282D938-770C-433B-9144-FF4B0FC890F9}.Release|x64.Build.0 = Release|x64
		{C282D938-770C-433B-9144-FF4B0FC890F9}.Release|x86.ActiveCfg = Release|Win32
		{C282D938-770C-433B-9144-FF4B0FC890F9}.Release|x86.Build.0 = Release|Win32
		{DD976AF1-2D05-4880-83CD-0F6FA81D6F87}.Debug|x64.ActiveCfg = Debug|x64
		{DD976AF1-2D05-4880-83CD-0F6FA81D6F87}.Debug|x64.Build.0 = Debug|x64
		{DD976AF1-2D05-4880-83CD-0F6FA81D6F87}.Debug|x86.ActiveCfg = Debug|Win32
		{DD976AF1-2D05-4880-83CD-0F6FA81D6F87}.Debug|x86.Build.0 = Debug|Win32
		{DD976AF1-2D05-4880-83CD-0F6FA81D6F87}.Release|x64.ActiveCfg = Release|x64
		{DD976AF1-2D05-4880-83CD-0F6FA81D6F87}.Release|x64.Build.0 = Release|x64
		{DD976AF1-2D05-4880-83CD-0F6FA81D6F87}.Release|x86.ActiveCfg = Release|Win32
		{DD976AF1-2D05-4880-83CD-0F6FA81D6F87}.Release|x86.Build.0 = Release|Win32
		{39F3742A-CC8D-43E8-BB31-C4A3A716A0E4}.Debug|x64.ActiveCfg = Debug|x64
		{39F3742A-CC8D-43E8-BB31-C4A3A716A0E4}.Debug|x64.Build.0 = Debug|x64
		{39F3742A-CC8D-43E8-BB31-C4A3A716A0E4}.Debug|x86.ActiveCfg = Debug|Win32
		{39F3742A-CC8D-43E8-BB31-C4A3A716A0E4}.Debug|x86.Build.0 = Debug|Win32
		{39F3742A-CC8D-43E8-BB31-C4A3A716A0E4}.Release|x64.ActiveCfg = Release|x64
		{39F3742A-CC8D-43E8-BB31-C4A3A716A0E4}.Release|x64.Build.0 = Release|x64
		{39F3742A-CC8D-43E8-BB31-C4A3A716A0E4}.Release|x86.ActiveCfg = Release|Win32
		{39F3742A-CC8D-43E8-BB31-C4A3A716A0E4}.Release|x86.Build.0 = Release|Win32
		{9C4A391F-A003-46C9-A380-EC3D6AA5D5E2}.Debug|x64.ActiveCfg = Debug|x64
		{9C4A391F-A003-46C9-A380-EC3D6AA5D5E2}.Debug|x64.Build.0 = Debug|x64
		{9C4A391F-A003-46C9-A380-EC3D6AA5D5E2}.Debug|x86.ActiveCfg = Debug|Win32
		{9C4A391F-A003-46C9-A380-EC3D6AA5D5E2}.Debug|x86.Build.0 = Debug|Win32
		{9C4A391F-A003-46C9-A380-EC3D6AA5D5E2}.Release|x64.ActiveCfg = Release|x64
		{9C4A391F-A003-46C9-A380-EC3D6AA5D5E2}.Release|x64.Build.0 = Release|x64
		{9C4A391F-A003-46C9-A380-EC3D6AA5D5E2}.Release|x86.ActiveCfg = Release|Win32
		{9C4A391F-A003-46C9-A380-EC3D6AA5D5E2}.Release|x86.Build.0 = Release|Win32
		{5C4A7E3E-4A53-4051-B766-0D1A48B26855}.Debug|x64.ActiveCfg = Debug|x64
		{5C4A7E3E-4A53-4051-B766-0D1A48B26855}.Debug|x64.Build.0 = Debug|x64
		{5C4A7E3E-4A53-4051-B766-0D1A48B26855}.Debug|x86.ActiveCfg = Debug|Win32
		{5C4A7E3E-4A53-4051-B766-0D1A48B26855}.Debug|x86.Build.0 = Debug|Win32
		{5C4A7E3E-4A53-4051-B766-0D1A48B26855}.Release|x64.ActiveCfg = Release|x64
		{5C4A7E3E-4A53-4051-B766-0D1A48B26855}.Release|x64.Build.0 = Release|x64
		{5C4A7E3E-4A53-4051-B766-0D1A48B26855}.Release|x86.ActiveCfg = Release|Win32
		{5C4A7E3E-4A53-4051-B766-0D1A48B26855}.Release|x86.Build.0 = Release|Win32
		{12BE6239-E730-4E12-81DC-EA758C31B7E0}.Debug|x64.ActiveCfg = Debug|x64
		{12BE6239-E730-4E12-81DC-EA758C31B7E0}.Debug|x64.Build.0 = Debug|x64
		{12BE6239-E730-4E12-81DC-EA758C31B7E0}.Debug|x86.ActiveCfg = Debug|Win32
		{12BE6239-E730-4E12-81DC-EA758C31B7E0}.Debug|x86.Build.0 = Debug|Win32
		{12BE6239-E730-4E12-81DC-EA758C31B7E0}.Release|x64.ActiveCfg = Release|x64
		{12BE6239-E730-4E12-81DC-EA758C31B7E0}.Release|x64.Build.0 = Release|x64
		{12BE6239-E730-4E12-81DC-EA758C31B7E0}.Release|x86.ActiveCfg = Release|Win32
		{12BE6239-E730-4E12-81DC-EA758C31B7E0}.Release|x86.Build.0 = Release|Win32
		{2A42A488-C608-4869-991D-4209EC260E94}.Debug|x64.ActiveCfg = Debug|x64
		{2A42A488-C608-4869-991D-4209EC260E94}.Debug|x64.Build.0 = Debug|x64
		{2A42A488-C608-4869-991D-4209EC260E94}.Debug|x86.ActiveCfg = Debug|Win32
		{2A42A488-C608-4869-991D-4209EC260E94}.Debug|x86.Build.0 = Debug|Win32
		{2A42A488-C608-4869-991D-4209EC260E94}.Release|x64.ActiveCfg = Release|x64
		{2A42A488-C608-4869-991D-4209EC260E94}.Release|x64.Build.0 = Release|x64
		{2A42A488-C608-4869-991D-4209EC260E94}.Release|x86.ActiveCfg = Release|Win32
		{2A42A488-C608-4869-991D-4209EC260E94}.Release|x86.Build.0 = Release|Win32
		{D72C605C-3DCE-4C01-AA93-34DF74993BDF}.Debug|x64.ActiveCfg = Debug|x64
		{D72C605C-3DCE-4C01-AA93-34DF74993BDF}.Debug|x64.Build.0 = Debug|x64
		{D72C605C-3DCE-4C01-AA93-34DF74993BDF}.Debug|x86.ActiveCfg = Debug|Win32
		{D72C605C-3DCE-4C01-AA93-34DF74993BDF}.Debug|x86.Build.0 = Debug|Win32
		{D72C605C-3DCE-4C01-AA93-34DF74993BDF}.Release|x64.ActiveCfg = Release|x64
		{D72C605C-3DCE-4C01-AA93-34DF74993BDF}.Release|x64.Build.0 = Release|x64
		{D72C605C-3DCE-4C01-AA93-34DF74993BDF}.Release|x86.ActiveCfg = Release|Win32
		{D72C605C-3DCE-4C01-AA93-34DF74993BDF}.Release|x86.Build.0 = Release|Win32
		{D567126E-8A44-45DE-9443-B2469365BD8C}.Debug|x64.ActiveCfg = Debug|x64
		{D567126E-8A44-45DE-9443-B2469365BD8C}.Debug|x64.Build.0 = Debug|x64
		{D567126E-8A44-45DE-9443-B2469365BD8C}.Debug|x86.ActiveCfg = Debug|Win32
		{D567126E-8A44-45DE-9443-B2469365BD8C}.Debug|x86.Build.0 = Debug|Win32
		{D567126E-8A44-45DE-9443-B2469365BD8C}.Release|x64.ActiveCfg = Release|x64
		{D567126E-8A44-45DE-9443-B2469365BD8C}.Release|x64.Build.0 = Release|x64
		{D567126E-8A44-45DE-9443-B2469365BD8C}.Release|x86.ActiveCfg = Release|Win32
		{D567126E-8A44-45DE-9443-B2469365BD8C}.Release|x86.Build.0 = Release|Win32
		{EB79DED9-34C5-4234-8B11-710EE2F24AB1}.Debug|x64.ActiveCfg = Debug|x64
		{EB79DED9-34C5-4234-8B11-710EE2F24AB1}.Debug|x64.Build.0 = Debug|x64
		{EB79DED9-34C5-4234-8B11-710EE2F24AB1}.Debug|x86.ActiveCfg = Debug|Win32
		{EB79DED9-34C5-4234-8B11-710EE2F24AB1}.Debug|x86.Build.0 = Debug|Win32
		{EB79DED9-34C5-4234-8B11-710EE2F24AB1}.Release|x64.ActiveCfg = Release|x64
		{EB79DED9-34C5-4234-8B11-710EE2F24AB1}.Release|x64.Build.0 = Release|x64
		{EB79DED9-34C5-4234-8B11-710EE2F24AB1}.Release|x86.ActiveCfg = Release|Win32
		{EB79DED9-34C5-4234-8B11-710EE2F24AB1}.Release|x86.Build.0 = Release|Win32
		{1E960A5D-EF23-497E-9ABF-41A19672F190}.Debug|x64.ActiveCfg = Debug|x64
		{1E960A5D-EF23-497E-9ABF-41A19672F190}.Debug|x64.Build.0 = Debug|x64
		{1E960A5D-EF23-497E-9ABF-41A19672F190}.Debug|x86.ActiveCfg = Debug|Win32
		{1E960A5D-EF23-497E-9ABF-41A19672F190}.Debug|x86.Build.0 = Debug|Win32
		{1E960A5D-EF23-497E-9ABF-41A19672F190}.Release|x64.ActiveCfg = Release|x64
		{1E960A5D-EF23-497E-9ABF-41A19672F190}.Release|x64.Build.0 = Release|x64
		{1E960A5D-EF23-497E-9ABF-41A19672F190}.Release|x86.ActiveCfg = Release|Win32
		{1E960A5D-EF23-497E-9ABF-41A19672F190}.Release|x86.Build.0 = Release|Win32
		{FD7A9783-D1A3-4F2B-855F-36B912015923}.Debug|x64.ActiveCfg = Debug|x64
		{FD7A9783-D1A3-4F2B-855F-36B912015923}.Debug|x64.Build.0 = Debug|x64
		{FD7A9783-D1A3-4F2B-855F-36B912015923}.Debug|x86.ActiveCfg = Debug|Win32
		{FD7A9783-D1A3-4F2B-855F-36B912015923}.Debug|x86.Build.0 = Debug|Win32
		{FD7A9783-D1A3-4F2B-855F-36B912015923}.Release|x64.ActiveCfg = Release|x64
		{FD7A9783-D1A3-4F2B-855F-36B912015923}.Release|x64.Build.0 = Release|x64
		{FD7A9783-D1A3-4F2B-855F-36B912015923}.Release|x86.ActiveCfg = Release|Win32
		{FD7A9783-D1A3-4F2B-855F-36B912015923}.Release|x86.Build.0 = Release|Win32
	EndGlobalSection
	GlobalSection(SolutionProperties) = preSolution
		HideSolutionNode = FALSE
	EndGlobalSection
EndGlobal
