
Microsoft Visual Studio Solution File, Format Version 10.00
# Visual Studio 2008
Project("{8BC9CEB8-8B4A-11D0-8D11-00A0C91BC942}") = "gxzb", "gxzb.vcproj", "{52A8BA32-0503-4C4E-850E-9F321D750F1B}"
EndProject
Project("{8BC9CEB8-8B4A-11D0-8D11-00A0C91BC942}") = "zbkernel", "..\zbkernel\zbkernel.vcproj", "{AA54B085-CB06-40EE-88FD-07F2EC1F7AB3}"
EndProject
Project("{8BC9CEB8-8B4A-11D0-8D11-00A0C91BC942}") = "zbsetuphelper", "..\zbsetuphelper\zbsetuphelper.vcproj", "{9D3848F7-7705-4E63-87DA-7A8E3E1E166F}"
EndProject
Global
	GlobalSection(SolutionConfigurationPlatforms) = preSolution
		Debug|Win32 = Debug|Win32
		Release|Win32 = Release|Win32
	EndGlobalSection
	GlobalSection(ProjectConfigurationPlatforms) = postSolution
		{52A8BA32-0503-4C4E-850E-9F321D750F1B}.Debug|Win32.ActiveCfg = Debug|Win32
		{52A8BA32-0503-4C4E-850E-9F321D750F1B}.Debug|Win32.Build.0 = Debug|Win32
		{52A8BA32-0503-4C4E-850E-9F321D750F1B}.Release|Win32.ActiveCfg = Release|Win32
		{52A8BA32-0503-4C4E-850E-9F321D750F1B}.Release|Win32.Build.0 = Release|Win32
		{AA54B085-CB06-40EE-88FD-07F2EC1F7AB3}.Debug|Win32.ActiveCfg = Debug|Win32
		{AA54B085-CB06-40EE-88FD-07F2EC1F7AB3}.Debug|Win32.Build.0 = Debug|Win32
		{AA54B085-CB06-40EE-88FD-07F2EC1F7AB3}.Release|Win32.ActiveCfg = Release|Win32
		{AA54B085-CB06-40EE-88FD-07F2EC1F7AB3}.Release|Win32.Build.0 = Release|Win32
		{9D3848F7-7705-4E63-87DA-7A8E3E1E166F}.Debug|Win32.ActiveCfg = Debug|Win32
		{9D3848F7-7705-4E63-87DA-7A8E3E1E166F}.Debug|Win32.Build.0 = Debug|Win32
		{9D3848F7-7705-4E63-87DA-7A8E3E1E166F}.Release|Win32.ActiveCfg = Release|Win32
		{9D3848F7-7705-4E63-87DA-7A8E3E1E166F}.Release|Win32.Build.0 = Release|Win32
	EndGlobalSection
	GlobalSection(SolutionProperties) = preSolution
		HideSolutionNode = FALSE
	EndGlobalSection
EndGlobal
