<?xml version="1.0" encoding="utf-8"?>
<Project ToolsVersion="4.0" xmlns="http://schemas.microsoft.com/developer/msbuild/2003">
  <ItemGroup>
    <Filter Include="源文件">
      <UniqueIdentifier>{4FC737F1-C7A5-4376-A066-2A32D752A2FF}</UniqueIdentifier>
      <Extensions>cpp;c;cc;cxx;def;odl;idl;hpj;bat;asm;asmx</Extensions>
    </Filter>
    <Filter Include="头文件">
      <UniqueIdentifier>{93995380-89BD-4b04-88EB-625FBE52EBFB}</UniqueIdentifier>
      <Extensions>h;hh;hpp;hxx;hm;inl;inc;xsd</Extensions>
    </Filter>
    <Filter Include="资源文件">
      <UniqueIdentifier>{67DA6AB6-F800-4c08-8B7A-83BB121AAD01}</UniqueIdentifier>
      <Extensions>rc;ico;cur;bmp;dlg;rc2;rct;bin;rgs;gif;jpg;jpeg;jpe;resx;tiff;tif;png;wav;mfcribbon-ms</Extensions>
    </Filter>
  </ItemGroup>
  <ItemGroup>
    <Text Include="ReadMe.txt" />
  </ItemGroup>
  <ItemGroup>
    <ClInclude Include="All.h">
      <Filter>头文件</Filter>
    </ClInclude>
    <ClInclude Include="Capability.h">
      <Filter>头文件</Filter>
    </ClInclude>
    <ClInclude Include="Common.h">
      <Filter>头文件</Filter>
    </ClInclude>
    <ClInclude Include="Host.h">
      <Filter>头文件</Filter>
    </ClInclude>
    <ClInclude Include="HostCapability.h">
      <Filter>头文件</Filter>
    </ClInclude>
    <ClInclude Include="Network.h">
      <Filter>头文件</Filter>
    </ClInclude>
    <ClInclude Include="NodeTable.h">
      <Filter>头文件</Filter>
    </ClInclude>
    <ClInclude Include="Peer.h">
      <Filter>头文件</Filter>
    </ClInclude>
    <ClInclude Include="RLPXFrameCoder.h">
      <Filter>头文件</Filter>
    </ClInclude>
    <ClInclude Include="RLPXFrameReader.h">
      <Filter>头文件</Filter>
    </ClInclude>
    <ClInclude Include="RLPXFrameWriter.h">
      <Filter>头文件</Filter>
    </ClInclude>
    <ClInclude Include="RLPxHandshake.h">
      <Filter>头文件</Filter>
    </ClInclude>
    <ClInclude Include="RLPXPacket.h">
      <Filter>头文件</Filter>
    </ClInclude>
    <ClInclude Include="RLPXSocket.h">
      <Filter>头文件</Filter>
    </ClInclude>
    <ClInclude Include="RLPXSocketIO.h">
      <Filter>头文件</Filter>
    </ClInclude>
    <ClInclude Include="Session.h">
      <Filter>头文件</Filter>
    </ClInclude>
    <ClInclude Include="UDP.h">
      <Filter>头文件</Filter>
    </ClInclude>
    <ClInclude Include="UPnP.h">
      <Filter>头文件</Filter>
    </ClInclude>
  </ItemGroup>
  <ItemGroup>
    <ClCompile Include="Capability.cpp">
      <Filter>源文件</Filter>
    </ClCompile>
    <ClCompile Include="Common.cpp">
      <Filter>源文件</Filter>
    </ClCompile>
    <ClCompile Include="Host.cpp">
      <Filter>源文件</Filter>
    </ClCompile>
    <ClCompile Include="HostCapability.cpp">
      <Filter>源文件</Filter>
    </ClCompile>
    <ClCompile Include="Network.cpp">
      <Filter>源文件</Filter>
    </ClCompile>
    <ClCompile Include="NodeTable.cpp">
      <Filter>源文件</Filter>
    </ClCompile>
    <ClCompile Include="Peer.cpp">
      <Filter>源文件</Filter>
    </ClCompile>
    <ClCompile Include="RLPXFrameCoder.cpp">
      <Filter>源文件</Filter>
    </ClCompile>
    <ClCompile Include="RLPXFrameReader.cpp">
      <Filter>源文件</Filter>
    </ClCompile>
    <ClCompile Include="RLPXFrameWriter.cpp">
      <Filter>源文件</Filter>
    </ClCompile>
    <ClCompile Include="RLPxHandshake.cpp">
      <Filter>源文件</Filter>
    </ClCompile>
    <ClCompile Include="RLPXPacket.cpp">
      <Filter>源文件</Filter>
    </ClCompile>
    <ClCompile Include="RLPXSocket.cpp">
      <Filter>源文件</Filter>
    </ClCompile>
    <ClCompile Include="RLPXSocketIO.cpp">
      <Filter>源文件</Filter>
    </ClCompile>
    <ClCompile Include="Session.cpp">
      <Filter>源文件</Filter>
    </ClCompile>
    <ClCompile Include="UDP.cpp">
      <Filter>源文件</Filter>
    </ClCompile>
    <ClCompile Include="UPnP.cpp">
      <Filter>源文件</Filter>
    </ClCompile>
  </ItemGroup>
</Project>